
Microsoft Visual Studio Solution File, Format Version 12.00
# Visual Studio Version 17
VisualStudioVersion = 17.3.32825.248
MinimumVisualStudioVersion = 10.0.40219.1
Project("{FAE04EC0-301F-11D3-BF4B-00C04F79EFBC}") = "SalesProject", "SalesProject\SalesProject.csproj", "{D5676353-1C39-4571-85A8-FAFC1C9A6958}"
EndProject
Global
	GlobalSection(SolutionConfigurationPlatforms) = preSolution
		Debug|Any CPU = Debug|Any CPU
		Release|Any CPU = Release|Any CPU
	EndGlobalSection
	GlobalSection(ProjectConfigurationPlatforms) = postSolution
		{D5676353-1C39-4571-85A8-FAFC1C9A6958}.Debug|Any CPU.ActiveCfg = Debug|Any CPU
		{D5676353-1C39-4571-85A8-FAFC1C9A6958}.Debug|Any CPU.Build.0 = Debug|Any CPU
		{D5676353-1C39-4571-85A8-FAFC1C9A6958}.Release|Any CPU.ActiveCfg = Release|Any CPU
		{D5676353-1C39-4571-85A8-FAFC1C9A6958}.Release|Any CPU.Build.0 = Release|Any CPU
	EndGlobalSection
	GlobalSection(SolutionProperties) = preSolution
		HideSolutionNode = FALSE
	EndGlobalSection
	GlobalSection(ExtensibilityGlobals) = postSolution
		SolutionGuid = {8EAE1DD2-3BB7-45EF-BBE7-43934BAF1D52}
	EndGlobalSection
EndGlobal
